
Microsoft Visual Studio Solution File, Format Version 12.00
# Visual Studio Version 16
VisualStudioVersion = 16.0.33328.57
MinimumVisualStudioVersion = 10.0.40219.1
Project("{FAE04EC0-301F-11D3-BF4B-00C04F79EFBC}") = "Lazy Drills by NCS", "Lazy Drills by NCS.csproj", "{1E49D31B-B687-4232-B54D-1BC78B75A136}"
EndProject
Global
	GlobalSection(SolutionConfigurationPlatforms) = preSolution
		Debug|x64 = Debug|x64
	EndGlobalSection
	GlobalSection(ProjectConfigurationPlatforms) = postSolution
		{1E49D31B-B687-4232-B54D-1BC78B75A136}.Debug|x64.ActiveCfg = Debug|x64
		{1E49D31B-B687-4232-B54D-1BC78B75A136}.Debug|x64.Build.0 = Debug|x64
	EndGlobalSection
	GlobalSection(SolutionProperties) = preSolution
		HideSolutionNode = FALSE
	EndGlobalSection
	GlobalSection(ExtensibilityGlobals) = postSolution
		SolutionGuid = {1D0650C9-F9BF-4B41-8790-93B2F7BCCAF3}
	EndGlobalSection
EndGlobal
